{
  "originHash" : "fe80d800fd3546609c8e9654610353e79fda7758e5303f523f9d300219eddff7",
  "pins" : [
    {
      "identity" : "rive-ios",
      "kind" : "remoteSourceControl",
      "location" : "https://github.com/rive-app/rive-ios.git",
      "state" : {
        "revision" : "61ed09845f3841d6041dd77c20ec7443287aeb46",
        "version" : "6.3.6"
      }
    }
  ],
  "version" : 3
}
